PODS:
  - Kingfisher (5.1.0)
  - RxAtomic (4.4.0)
  - RxCocoa (4.4.0):
    - RxSwift (~> 4.0)
  - RxSwift (4.4.0):
    - RxAtomic (~> 4.4)

DEPENDENCIES:
  - Kingfisher (~> 5.0)
  - RxCocoa (~> 4.0)
  - RxSwift (~> 4.0)

SPEC REPOS:
  https://github.com/cocoapods/specs.git:
    - Kingfisher
    - RxAtomic
    - RxCocoa
    - RxSwift

SPEC CHECKSUMS:
  Kingfisher: fcec238063d17404fca89bf0a850583211c4cbf6
  RxAtomic: eacf60db868c96bfd63320e28619fe29c179656f
  RxCocoa: df63ebf7b9a70d6b4eeea407ed5dd4efc8979749
  RxSwift: 5976ecd04fc2fefd648827c23de5e11157faa973

PODFILE CHECKSUM: c270ae0f84558bcc43d22a1627756474beadd481

COCOAPODS: 1.5.3
